{
  "name": "react-native-siren",
  "version": "0.0.4",
  "lockfileVersion": 1,
  "requires": true,
  "dependencies": {
    "apisauce": {
      "version": "2.1.1",
      "resolved": "https://registry.npmjs.org/apisauce/-/apisauce-2.1.1.tgz",
      "integrity": "sha512-P4SsLvmsH8BLLruBn/nsO+65j+ChZlGQ2zC5avCIjbWstYS4PgjxeVWtbeVwFGEWX7dEkLp85OvdapGXy1zS8g==",
      "requires": {
        "axios": "^0.21.1",
        "ramda": "^0.25.0"
      }
    },
    "axios": {
      "version": "0.21.1",
      "resolved": "https://registry.npmjs.org/axios/-/axios-0.21.1.tgz",
      "integrity": "sha512-dKQiRHxGD9PPRIUNIWvZhPTPpl1rf/OxTYKsqKUDjBwYylTvV7SjSHJb9ratfyzM6wCdLCOYLzs73qpg5c4iGA==",
      "requires": {
        "follow-redirects": "^1.10.0"
      }
    },
    "follow-redirects": {
      "version": "1.14.2",
      "resolved": "https://registry.npmjs.org/follow-redirects/-/follow-redirects-1.14.2.tgz",
      "integrity": "sha512-yLR6WaE2lbF0x4K2qE2p9PEXKLDjUjnR/xmjS3wHAYxtlsI9MLLBJUZirAHKzUZDGLxje7w/cXR49WOUo4rbsA=="
    },
    "ramda": {
      "version": "0.25.0",
      "resolved": "https://registry.npmjs.org/ramda/-/ramda-0.25.0.tgz",
      "integrity": "sha512-GXpfrYVPwx3K7RQ6aYT8KPS8XViSXUVJT1ONhoKPE9VAleW42YE+U+8VEyGWt41EnEQW7gwecYJriTI0pKoecQ=="
    },
    "react-native-device-info": {
      "version": "0.9.3",
      "resolved": "https://registry.npmjs.org/react-native-device-info/-/react-native-device-info-0.9.3.tgz",
      "integrity": "sha1-TGfWefVN9Sd6zokOGuqwNKYmWtg="
    }
  }
}
