# THIS IS AN AUTOGENERATED FILE. DO NOT EDIT THIS FILE DIRECTLY.
# yarn lockfile v1


apisauce@^2.1.1:
  version "2.1.6"
  resolved "https://registry.yarnpkg.com/apisauce/-/apisauce-2.1.6.tgz#94887f335bf3d735305fc895c8a191c9c2608a7f"
  integrity sha512-MdxR391op/FucS2YQRfB/NMRyCnHEPDd4h17LRIuVYi0BpGmMhpxc0shbOpfs5ahABuBEffNCGal5EcsydbBWg==
  dependencies:
    axios "^0.21.4"

axios@^0.21.4:
  version "0.21.4"
  resolved "https://registry.yarnpkg.com/axios/-/axios-0.21.4.tgz#c67b90dc0568e5c1cf2b0b858c43ba28e2eda575"
  integrity sha512-ut5vewkiu8jjGBdqpM44XxjuCjq9LAKeHVmoVfHVzy8eHgxxq8SbAVQNovDA8mVi05kP0Ea/n/UzcSHcTJQfNg==
  dependencies:
    follow-redirects "^1.14.0"

follow-redirects@^1.14.0:
  version "1.15.2"
  resolved "https://registry.yarnpkg.com/follow-redirects/-/follow-redirects-1.15.2.tgz#b460864144ba63f2681096f274c4e57026da2c13"
  integrity sha512-VQLG33o04KaQ8uYi2tVNbdrWp1QWxNNea+nmIB4EVM28v0hmP17z7aG1+wAkNzVq4KeXTq3221ye5qTJP91JwA==

react-native-device-info@^10.4.0:
  version "10.6.0"
  resolved "https://registry.yarnpkg.com/react-native-device-info/-/react-native-device-info-10.6.0.tgz#51f1b2ec98abc32747149b0a5b7fb662b44d50e4"
  integrity sha512-/MmINdojWdw2/9rwYpH/dX+1gFP0o78p8yYPjwxiPhoySSL2rZaNi+Mq9VwC+zFi/yQmJUvHntkKSw2KUc7rFw==
